Microsoft Visual Studio Solution File, Format Version 12.00
# Visual Studio Version 17
VisualStudioVersion = 17.5.2.0
MinimumVisualStudioVersion = 10.0.40219.1
Project("{FAE04EC0-301F-11D3-BF4B-00C04F79EFBC}") = "MiAppCSharp", "MiAppCSharp.csproj", "{74E33EBC-ACB4-343C-E115-81151B8F0C71}"
EndProject
Global
	GlobalSection(SolutionConfigurationPlatforms) = preSolution
		Debug|Any CPU = Debug|Any CPU
		Release|Any CPU = Release|Any CPU
	EndGlobalSection
	GlobalSection(ProjectConfigurationPlatforms) = postSolution
		{74E33EBC-ACB4-343C-E115-81151B8F0C71}.Debug|Any CPU.ActiveCfg = Debug|Any CPU
		{74E33EBC-ACB4-343C-E115-81151B8F0C71}.Debug|Any CPU.Build.0 = Debug|Any CPU
		{74E33EBC-ACB4-343C-E115-81151B8F0C71}.Release|Any CPU.ActiveCfg = Release|Any CPU
		{74E33EBC-ACB4-343C-E115-81151B8F0C71}.Release|Any CPU.Build.0 = Release|Any CPU
	EndGlobalSection
	GlobalSection(SolutionProperties) = preSolution
		HideSolutionNode = FALSE
	EndGlobalSection
	GlobalSection(ExtensibilityGlobals) = postSolution
		SolutionGuid = {59B17C62-E315-4771-833B-96FFAE3B885A}
	EndGlobalSection
EndGlobal
